<Solution>
  <Project Path="01_MainSubjects/01_MainSubjects.csproj" Id="587e0ce8-667a-46ed-8914-cff7263e3065" />
  <Project Path="02_Variables/02_Variables.csproj" Id="b418a619-6ed5-4505-b72d-0b4e6a40048e" />
  <Project Path="03_MakingDecision/03_MakingDecision.csproj" Id="fb739221-87f3-4977-a893-e489a6ff70ed" />
  <Project Path="04_Loops/04_Loops.csproj" Id="41cc6f3a-63f7-401d-ac44-990b31c6e81a" />
  <Project Path="06_Arrays/06_Arrays.csproj" Id="d835bcca-f113-4423-aec1-114576277662" />
  <Project Path="07_ForeachLoop/07_ForeachLoop.csproj" Id="b9be01a9-477b-4710-9a60-82f9819af693" />
  <Project Path="08_Methods/08_Methods.csproj" Id="3c62f7df-3de8-4a2d-8c67-e876ae45a2b8" />
  <Project Path="09_DatabaseProject/09_DatabaseProject.csproj" Id="2424405e-f4aa-4d49-962a-ab721b3818bf" />
</Solution>
